
Microsoft Visual Studio Solution File, Format Version 12.00
# Visual Studio Version 17
VisualStudioVersion = 17.9.34723.18
MinimumVisualStudioVersion = 10.0.40219.1
Project("{FAE04EC0-301F-11D3-BF4B-00C04F79EFBC}") = "KLS.API", "KLS.API\KLS.API.csproj", "{1A44B054-B15E-4104-832F-0DC1EE8D1129}"
EndProject
Project("{2150E333-8FDC-42A3-9474-1A3956D46DE8}") = "Common", "Common", "{DC96A6F7-EAFD-4569-9B2B-0BA51FE29FE3}"
EndProject
Project("{2150E333-8FDC-42A3-9474-1A3956D46DE8}") = "Data", "Data", "{B4CD0E7C-C441-4207-8DD2-605567F7768D}"
EndProject
Project("{2150E333-8FDC-42A3-9474-1A3956D46DE8}") = "Models", "Models", "{E53A7D72-26B2-4269-9DC6-5994894BAC9C}"
EndProject
Project("{2150E333-8FDC-42A3-9474-1A3956D46DE8}") = "Services", "Services", "{1681A7C1-EB44-46C7-8055-72C8293A367C}"
EndProject
Project("{FAE04EC0-301F-11D3-BF4B-00C04F79EFBC}") = "KLS.Common", "KLS.Common\KLS.Common.csproj", "{B38F585E-EBFB-4025-B821-E02F78FD8EAB}"
EndProject
Project("{FAE04EC0-301F-11D3-BF4B-00C04F79EFBC}") = "KLS.Contract", "KLS.Contract\KLS.Contract.csproj", "{E03ECEE3-4825-4018-B59A-21B00D9BEB90}"
EndProject
Project("{FAE04EC0-301F-11D3-BF4B-00C04F79EFBC}") = "KLS.Models", "KLS.Models\KLS.Models.csproj", "{754FE536-7D1A-43C1-8D63-520D5A4D504F}"
EndProject
Project("{FAE04EC0-301F-11D3-BF4B-00C04F79EFBC}") = "KLS.Services", "KLS.Services\KLS.Services.csproj", "{7AF5AAAD-3E61-47C1-BFA4-F43591262B6B}"
EndProject
Project("{FAE04EC0-301F-11D3-BF4B-00C04F79EFBC}") = "KLS.Data", "KLS.Data\KLS.Data.csproj", "{F4793DAB-7B3F-4260-915F-0E701F204857}"
EndProject
Global
	GlobalSection(SolutionConfigurationPlatforms) = preSolution
		Debug|Any CPU = Debug|Any CPU
		Release|Any CPU = Release|Any CPU
	EndGlobalSection
	GlobalSection(ProjectConfigurationPlatforms) = postSolution
		{1A44B054-B15E-4104-832F-0DC1EE8D1129}.Debug|Any CPU.ActiveCfg = Debug|Any CPU
		{1A44B054-B15E-4104-832F-0DC1EE8D1129}.Debug|Any CPU.Build.0 = Debug|Any CPU
		{1A44B054-B15E-4104-832F-0DC1EE8D1129}.Release|Any CPU.ActiveCfg = Release|Any CPU
		{1A44B054-B15E-4104-832F-0DC1EE8D1129}.Release|Any CPU.Build.0 = Release|Any CPU
		{B38F585E-EBFB-4025-B821-E02F78FD8EAB}.Debug|Any CPU.ActiveCfg = Debug|Any CPU
		{B38F585E-EBFB-4025-B821-E02F78FD8EAB}.Debug|Any CPU.Build.0 = Debug|Any CPU
		{B38F585E-EBFB-4025-B821-E02F78FD8EAB}.Release|Any CPU.ActiveCfg = Release|Any CPU
		{B38F585E-EBFB-4025-B821-E02F78FD8EAB}.Release|Any CPU.Build.0 = Release|Any CPU
		{E03ECEE3-4825-4018-B59A-21B00D9BEB90}.Debug|Any CPU.ActiveCfg = Debug|Any CPU
		{E03ECEE3-4825-4018-B59A-21B00D9BEB90}.Debug|Any CPU.Build.0 = Debug|Any CPU
		{E03ECEE3-4825-4018-B59A-21B00D9BEB90}.Release|Any CPU.ActiveCfg = Release|Any CPU
		{E03ECEE3-4825-4018-B59A-21B00D9BEB90}.Release|Any CPU.Build.0 = Release|Any CPU
		{754FE536-7D1A-43C1-8D63-520D5A4D504F}.Debug|Any CPU.ActiveCfg = Debug|Any CPU
		{754FE536-7D1A-43C1-8D63-520D5A4D504F}.Debug|Any CPU.Build.0 = Debug|Any CPU
		{754FE536-7D1A-43C1-8D63-520D5A4D504F}.Release|Any CPU.ActiveCfg = Release|Any CPU
		{754FE536-7D1A-43C1-8D63-520D5A4D504F}.Release|Any CPU.Build.0 = Release|Any CPU
		{7AF5AAAD-3E61-47C1-BFA4-F43591262B6B}.Debug|Any CPU.ActiveCfg = Debug|Any CPU
		{7AF5AAAD-3E61-47C1-BFA4-F43591262B6B}.Debug|Any CPU.Build.0 = Debug|Any CPU
		{7AF5AAAD-3E61-47C1-BFA4-F43591262B6B}.Release|Any CPU.ActiveCfg = Release|Any CPU
		{7AF5AAAD-3E61-47C1-BFA4-F43591262B6B}.Release|Any CPU.Build.0 = Release|Any CPU
		{F4793DAB-7B3F-4260-915F-0E701F204857}.Debug|Any CPU.ActiveCfg = Debug|Any CPU
		{F4793DAB-7B3F-4260-915F-0E701F204857}.Debug|Any CPU.Build.0 = Debug|Any CPU
		{F4793DAB-7B3F-4260-915F-0E701F204857}.Release|Any CPU.ActiveCfg = Release|Any CPU
		{F4793DAB-7B3F-4260-915F-0E701F204857}.Release|Any CPU.Build.0 = Release|Any CPU
	EndGlobalSection
	GlobalSection(SolutionProperties) = preSolution
		HideSolutionNode = FALSE
	EndGlobalSection
	GlobalSection(NestedProjects) = preSolution
		{B38F585E-EBFB-4025-B821-E02F78FD8EAB} = {DC96A6F7-EAFD-4569-9B2B-0BA51FE29FE3}
		{E03ECEE3-4825-4018-B59A-21B00D9BEB90} = {B4CD0E7C-C441-4207-8DD2-605567F7768D}
		{754FE536-7D1A-43C1-8D63-520D5A4D504F} = {E53A7D72-26B2-4269-9DC6-5994894BAC9C}
		{7AF5AAAD-3E61-47C1-BFA4-F43591262B6B} = {1681A7C1-EB44-46C7-8055-72C8293A367C}
		{F4793DAB-7B3F-4260-915F-0E701F204857} = {B4CD0E7C-C441-4207-8DD2-605567F7768D}
	EndGlobalSection
	GlobalSection(ExtensibilityGlobals) = postSolution
		SolutionGuid = {6BB8A8FC-F051-4B83-B4C9-C8AB3A46DA6A}
	EndGlobalSection
EndGlobal
